
Microsoft Visual Studio Solution File, Format Version 12.00
# Visual Studio Version 16
VisualStudioVersion = 16.0.30413.136
MinimumVisualStudioVersion = 10.0.40219.1
Project("{FAE04EC0-301F-11D3-BF4B-00C04F79EFBC}") = "ejercico_excepciones", "ejercico_excepciones\ejercico_excepciones.csproj", "{2858356F-B4EA-4E01-93A1-87397DBBC77D}"
EndProject
Global
	GlobalSection(SolutionConfigurationPlatforms) = preSolution
		Debug|Any CPU = Debug|Any CPU
		Release|Any CPU = Release|Any CPU
	EndGlobalSection
	GlobalSection(ProjectConfigurationPlatforms) = postSolution
		{2858356F-B4EA-4E01-93A1-87397DBBC77D}.Debug|Any CPU.ActiveCfg = Debug|Any CPU
		{2858356F-B4EA-4E01-93A1-87397DBBC77D}.Debug|Any CPU.Build.0 = Debug|Any CPU
		{2858356F-B4EA-4E01-93A1-87397DBBC77D}.Release|Any CPU.ActiveCfg = Release|Any CPU
		{2858356F-B4EA-4E01-93A1-87397DBBC77D}.Release|Any CPU.Build.0 = Release|Any CPU
	EndGlobalSection
	GlobalSection(SolutionProperties) = preSolution
		HideSolutionNode = FALSE
	EndGlobalSection
	GlobalSection(ExtensibilityGlobals) = postSolution
		SolutionGuid = {08BC828A-8079-49DA-A30F-A160F2876F16}
	EndGlobalSection
EndGlobal
